// !$*UTF8*$!
{
	archiveVersion = 1;
	classes = {
	};
	objectVersion = 56;
	objects = {

/* Begin PBXBuildFile section */
		100000000000000000000001 /* EmojiKeyboardApp.swift in Sources */ = {isa = PBXBuildFile; fileRef = 200000000000000000000001 /* EmojiKeyboardApp.swift */; };
		100000000000000000000002 /* ContentView.swift in Sources */ = {isa = PBXBuildFile; fileRef = 200000000000000000000002 /* ContentView.swift */; };
		100000000000000000000003 /* KeyboardViewController.swift in Sources */ = {isa = PBXBuildFile; fileRef = 200000000000000000000003 /* KeyboardViewController.swift */; };
		100000000000000000000004 /* EmojiCatalog.swift in Sources */ = {isa = PBXBuildFile; fileRef = 200000000000000000000004 /* EmojiCatalog.swift */; };
		100000000000000000000005 /* EmojiCell.swift in Sources */ = {isa = PBXBuildFile; fileRef = 200000000000000000000005 /* EmojiCell.swift */; };
		100000000000000000000006 /* KnKeysKeyboard.appex in Embed Foundation Extensions */ = {isa = PBXBuildFile; fileRef = 200000000000000000000007 /* KnKeysKeyboard.appex */; settings = {ATTRIBUTES = (RemoveHeadersOnCopy, ); }; };
		100000000000000000000007 /* Assets.xcassets in Resources */ = {isa = PBXBuildFile; fileRef = 200000000000000000000009 /* Assets.xcassets */; };
		100000000000000000000008 /* KeyboardModels.swift in Sources */ = {isa = PBXBuildFile; fileRef = 200000000000000000000010 /* KeyboardModels.swift */; };
		100000000000000000000009 /* KeyboardLayout.swift in Sources */ = {isa = PBXBuildFile; fileRef = 200000000000000000000011 /* KeyboardLayout.swift */; };
		10000000000000000000000A /* KeyboardKeyControl.swift in Sources */ = {isa = PBXBuildFile; fileRef = 200000000000000000000012 /* KeyboardKeyControl.swift */; };
		10000000000000000000000B /* QwertyKeyboardView.swift in Sources */ = {isa = PBXBuildFile; fileRef = 200000000000000000000013 /* QwertyKeyboardView.swift */; };
		10000000000000000000000C /* EmojiKeyboardView.swift in Sources */ = {isa = PBXBuildFile; fileRef = 200000000000000000000014 /* EmojiKeyboardView.swift */; };
		10000000000000000000000D /* GestureDeletion.swift in Sources */ = {isa = PBXBuildFile; fileRef = 200000000000000000000015 /* GestureDeletion.swift */; };
		10000000000000000000000E /* KeyboardTheme.swift in App Sources */ = {isa = PBXBuildFile; fileRef = 200000000000000000000016 /* KeyboardTheme.swift */; };
		10000000000000000000000F /* KeyboardTheme.swift in Extension Sources */ = {isa = PBXBuildFile; fileRef = 200000000000000000000016 /* KeyboardTheme.swift */; };
		100000000000000000000010 /* ThemeManager.swift in Sources */ = {isa = PBXBuildFile; fileRef = 200000000000000000000019 /* ThemeManager.swift */; };
		100000000000000000000011 /* ThemeSettingsView.swift in Sources */ = {isa = PBXBuildFile; fileRef = 20000000000000000000001A /* ThemeSettingsView.swift */; };
		C10000000000000000000018 /* ThemeEditorAutoSaveTests.swift in Sources */ = {isa = PBXBuildFile; fileRef = C20000000000000000000007 /* ThemeEditorAutoSaveTests.swift */; };
		C10000000000000000000019 /* ThemeSettingsView.swift in Test Sources */ = {isa = PBXBuildFile; fileRef = 20000000000000000000001A /* ThemeSettingsView.swift */; };
		100000000000000000000016 /* english_prediction_words.txt in Resources */ = {isa = PBXBuildFile; fileRef = 20000000000000000000001F /* english_prediction_words.txt */; };
		100000000000000000000017 /* KeyboardInteractionSettings.swift in App Sources */ = {isa = PBXBuildFile; fileRef = 200000000000000000000020 /* KeyboardInteractionSettings.swift */; };
		100000000000000000000018 /* KeyboardInteractionSettings.swift in Extension Sources */ = {isa = PBXBuildFile; fileRef = 200000000000000000000020 /* KeyboardInteractionSettings.swift */; };
		100000000000000000000019 /* WordPredictionModels.swift in Sources */ = {isa = PBXBuildFile; fileRef = 200000000000000000000021 /* WordPredictionModels.swift */; };
		10000000000000000000001A /* WordPredictionEngine.swift in Sources */ = {isa = PBXBuildFile; fileRef = 200000000000000000000022 /* WordPredictionEngine.swift */; };
		10000000000000000000001B /* KeyPopupPresenter.swift in Sources */ = {isa = PBXBuildFile; fileRef = 200000000000000000000023 /* KeyPopupPresenter.swift */; };
		10000000000000000000001C /* KeyboardFeedbackManager.swift in Sources */ = {isa = PBXBuildFile; fileRef = 200000000000000000000024 /* KeyboardFeedbackManager.swift */; };
		C10000000000000000000001 /* ThemeAndSettingsTests.swift in Sources */ = {isa = PBXBuildFile; fileRef = C20000000000000000000001 /* ThemeAndSettingsTests.swift */; };
		C10000000000000000000002 /* LayoutEmojiAndDeletionTests.swift in Sources */ = {isa = PBXBuildFile; fileRef = C20000000000000000000002 /* LayoutEmojiAndDeletionTests.swift */; };
		C10000000000000000000003 /* PredictionTests.swift in Sources */ = {isa = PBXBuildFile; fileRef = C20000000000000000000003 /* PredictionTests.swift */; };
		C1000000000000000000001A /* PredictionEndToEndTests.swift in Sources */ = {isa = PBXBuildFile; fileRef = C20000000000000000000008 /* PredictionEndToEndTests.swift */; };
		10000000000000000000001D /* ClipboardHistory.swift in App Sources */ = {isa = PBXBuildFile; fileRef = 200000000000000000000025 /* ClipboardHistory.swift */; };
		10000000000000000000001E /* ClipboardHistory.swift in Extension Sources */ = {isa = PBXBuildFile; fileRef = 200000000000000000000025 /* ClipboardHistory.swift */; };
		10000000000000000000001F /* ClipboardKeyboardView.swift in Sources */ = {isa = PBXBuildFile; fileRef = 200000000000000000000026 /* ClipboardKeyboardView.swift */; };
		C1000000000000000000001B /* ClipboardHistory.swift in Test Sources */ = {isa = PBXBuildFile; fileRef = 200000000000000000000025 /* ClipboardHistory.swift */; };
		C1000000000000000000001C /* ClipboardKeyboardView.swift in Test Sources */ = {isa = PBXBuildFile; fileRef = 200000000000000000000026 /* ClipboardKeyboardView.swift */; };
		C1000000000000000000001D /* ClipboardHistoryTests.swift in Sources */ = {isa = PBXBuildFile; fileRef = C20000000000000000000009 /* ClipboardHistoryTests.swift */; };
		100000000000000000000020 /* ClipboardPasteboardSync.swift in App Sources */ = {isa = PBXBuildFile; fileRef = 200000000000000000000027 /* ClipboardPasteboardSync.swift */; };
		100000000000000000000021 /* ClipboardPasteboardSync.swift in Extension Sources */ = {isa = PBXBuildFile; fileRef = 200000000000000000000027 /* ClipboardPasteboardSync.swift */; };
		100000000000000000000022 /* SettingsKeyboardView.swift in Sources */ = {isa = PBXBuildFile; fileRef = 200000000000000000000028 /* SettingsKeyboardView.swift */; };
		C1000000000000000000001E /* ClipboardPasteboardSync.swift in Test Sources */ = {isa = PBXBuildFile; fileRef = 200000000000000000000027 /* ClipboardPasteboardSync.swift */; };
		C1000000000000000000001F /* SettingsKeyboardView.swift in Test Sources */ = {isa = PBXBuildFile; fileRef = 200000000000000000000028 /* SettingsKeyboardView.swift */; };
		C10000000000000000000004 /* KeyboardHeightPolicyTests.swift in Sources */ = {isa = PBXBuildFile; fileRef = C20000000000000000000004 /* KeyboardHeightPolicyTests.swift */; };
		C10000000000000000000005 /* KeyboardTheme.swift in Test Sources */ = {isa = PBXBuildFile; fileRef = 200000000000000000000016 /* KeyboardTheme.swift */; };
		C10000000000000000000006 /* KeyboardInteractionSettings.swift in Test Sources */ = {isa = PBXBuildFile; fileRef = 200000000000000000000020 /* KeyboardInteractionSettings.swift */; };
		C10000000000000000000007 /* ThemeManager.swift in Test Sources */ = {isa = PBXBuildFile; fileRef = 200000000000000000000019 /* ThemeManager.swift */; };
		C10000000000000000000008 /* KeyboardModels.swift in Test Sources */ = {isa = PBXBuildFile; fileRef = 200000000000000000000010 /* KeyboardModels.swift */; };
		C10000000000000000000009 /* KeyboardLayout.swift in Test Sources */ = {isa = PBXBuildFile; fileRef = 200000000000000000000011 /* KeyboardLayout.swift */; };
		C1000000000000000000000A /* EmojiCatalog.swift in Test Sources */ = {isa = PBXBuildFile; fileRef = 200000000000000000000004 /* EmojiCatalog.swift */; };
		C1000000000000000000000B /* GestureDeletion.swift in Test Sources */ = {isa = PBXBuildFile; fileRef = 200000000000000000000015 /* GestureDeletion.swift */; };
		C1000000000000000000000F /* WordPredictionModels.swift in Test Sources */ = {isa = PBXBuildFile; fileRef = 200000000000000000000021 /* WordPredictionModels.swift */; };
		C10000000000000000000010 /* WordPredictionEngine.swift in Test Sources */ = {isa = PBXBuildFile; fileRef = 200000000000000000000022 /* WordPredictionEngine.swift */; };
		C10000000000000000000011 /* english_prediction_words.txt in Test Resources */ = {isa = PBXBuildFile; fileRef = 20000000000000000000001F /* english_prediction_words.txt */; };
		C10000000000000000000012 /* ResourceAndUISmokeTests.swift in Sources */ = {isa = PBXBuildFile; fileRef = C20000000000000000000006 /* ResourceAndUISmokeTests.swift */; };
		C10000000000000000000013 /* KeyboardKeyControl.swift in Test Sources */ = {isa = PBXBuildFile; fileRef = 200000000000000000000012 /* KeyboardKeyControl.swift */; };
		C10000000000000000000014 /* KeyPopupPresenter.swift in Test Sources */ = {isa = PBXBuildFile; fileRef = 200000000000000000000023 /* KeyPopupPresenter.swift */; };
		C10000000000000000000015 /* QwertyKeyboardView.swift in Test Sources */ = {isa = PBXBuildFile; fileRef = 200000000000000000000013 /* QwertyKeyboardView.swift */; };
		C10000000000000000000016 /* EmojiCell.swift in Test Sources */ = {isa = PBXBuildFile; fileRef = 200000000000000000000005 /* EmojiCell.swift */; };
		C10000000000000000000017 /* EmojiKeyboardView.swift in Test Sources */ = {isa = PBXBuildFile; fileRef = 200000000000000000000014 /* EmojiKeyboardView.swift */; };
/* End PBXBuildFile section */

/* Begin PBXContainerItemProxy section */
		300000000000000000000001 /* PBXContainerItemProxy */ = {
			isa = PBXContainerItemProxy;
			containerPortal = 900000000000000000000001 /* Project object */;
			proxyType = 1;
			remoteGlobalIDString = 700000000000000000000002;
			remoteInfo = EmojiKeyboardExtension;
		};
/* End PBXContainerItemProxy section */

/* Begin PBXCopyFilesBuildPhase section */
		400000000000000000000001 /* Embed Foundation Extensions */ = {
			isa = PBXCopyFilesBuildPhase;
			buildActionMask = 2147483647;
			dstPath = "";
			dstSubfolderSpec = 13;
			files = (
				100000000000000000000006 /* KnKeysKeyboard.appex in Embed Foundation Extensions */,
			);
			name = "Embed Foundation Extensions";
			runOnlyForDeploymentPostprocessing = 0;
		};
/* End PBXCopyFilesBuildPhase section */

/* Begin PBXFileReference section */
		200000000000000000000001 /* EmojiKeyboardApp.swift */ = {isa = PBXFileReference; lastKnownFileType = sourcecode.swift; path = EmojiKeyboardApp.swift; sourceTree = "<group>"; };
		200000000000000000000002 /* ContentView.swift */ = {isa = PBXFileReference; lastKnownFileType = sourcecode.swift; path = ContentView.swift; sourceTree = "<group>"; };
		200000000000000000000003 /* KeyboardViewController.swift */ = {isa = PBXFileReference; lastKnownFileType = sourcecode.swift; path = KeyboardViewController.swift; sourceTree = "<group>"; };
		200000000000000000000004 /* EmojiCatalog.swift */ = {isa = PBXFileReference; lastKnownFileType = sourcecode.swift; path = EmojiCatalog.swift; sourceTree = "<group>"; };
		200000000000000000000005 /* EmojiCell.swift */ = {isa = PBXFileReference; lastKnownFileType = sourcecode.swift; path = EmojiCell.swift; sourceTree = "<group>"; };
		200000000000000000000006 /* Info.plist */ = {isa = PBXFileReference; lastKnownFileType = text.plist.xml; path = Info.plist; sourceTree = "<group>"; };
		200000000000000000000007 /* KnKeysKeyboard.appex */ = {isa = PBXFileReference; explicitFileType = "wrapper.app-extension"; includeInIndex = 0; path = KnKeysKeyboard.appex; sourceTree = BUILT_PRODUCTS_DIR; };
		200000000000000000000008 /* KnKeys.app */ = {isa = PBXFileReference; explicitFileType = wrapper.application; includeInIndex = 0; path = KnKeys.app; sourceTree = BUILT_PRODUCTS_DIR; };
		200000000000000000000009 /* Assets.xcassets */ = {isa = PBXFileReference; lastKnownFileType = folder.assetcatalog; path = Assets.xcassets; sourceTree = "<group>"; };
		200000000000000000000010 /* KeyboardModels.swift */ = {isa = PBXFileReference; lastKnownFileType = sourcecode.swift; path = KeyboardModels.swift; sourceTree = "<group>"; };
		200000000000000000000011 /* KeyboardLayout.swift */ = {isa = PBXFileReference; lastKnownFileType = sourcecode.swift; path = KeyboardLayout.swift; sourceTree = "<group>"; };
		200000000000000000000012 /* KeyboardKeyControl.swift */ = {isa = PBXFileReference; lastKnownFileType = sourcecode.swift; path = KeyboardKeyControl.swift; sourceTree = "<group>"; };
		200000000000000000000013 /* QwertyKeyboardView.swift */ = {isa = PBXFileReference; lastKnownFileType = sourcecode.swift; path = QwertyKeyboardView.swift; sourceTree = "<group>"; };
		200000000000000000000014 /* EmojiKeyboardView.swift */ = {isa = PBXFileReference; lastKnownFileType = sourcecode.swift; path = EmojiKeyboardView.swift; sourceTree = "<group>"; };
		200000000000000000000015 /* GestureDeletion.swift */ = {isa = PBXFileReference; lastKnownFileType = sourcecode.swift; path = GestureDeletion.swift; sourceTree = "<group>"; };
		200000000000000000000016 /* KeyboardTheme.swift */ = {isa = PBXFileReference; lastKnownFileType = sourcecode.swift; path = KeyboardTheme.swift; sourceTree = "<group>"; };
		200000000000000000000017 /* EmojiKeyboard.entitlements */ = {isa = PBXFileReference; lastKnownFileType = text.plist.entitlements; path = EmojiKeyboard.entitlements; sourceTree = "<group>"; };
		200000000000000000000018 /* EmojiKeyboardExtension.entitlements */ = {isa = PBXFileReference; lastKnownFileType = text.plist.entitlements; path = EmojiKeyboardExtension.entitlements; sourceTree = "<group>"; };
		200000000000000000000019 /* ThemeManager.swift */ = {isa = PBXFileReference; lastKnownFileType = sourcecode.swift; path = ThemeManager.swift; sourceTree = "<group>"; };
		20000000000000000000001A /* ThemeSettingsView.swift */ = {isa = PBXFileReference; lastKnownFileType = sourcecode.swift; path = ThemeSettingsView.swift; sourceTree = "<group>"; };
		C20000000000000000000007 /* ThemeEditorAutoSaveTests.swift */ = {isa = PBXFileReference; lastKnownFileType = sourcecode.swift; path = ThemeEditorAutoSaveTests.swift; sourceTree = "<group>"; };
		20000000000000000000001F /* english_prediction_words.txt */ = {isa = PBXFileReference; lastKnownFileType = text; path = Resources/english_prediction_words.txt; sourceTree = "<group>"; };
		200000000000000000000020 /* KeyboardInteractionSettings.swift */ = {isa = PBXFileReference; lastKnownFileType = sourcecode.swift; path = KeyboardInteractionSettings.swift; sourceTree = "<group>"; };
		200000000000000000000021 /* WordPredictionModels.swift */ = {isa = PBXFileReference; lastKnownFileType = sourcecode.swift; path = WordPredictionModels.swift; sourceTree = "<group>"; };
		200000000000000000000022 /* WordPredictionEngine.swift */ = {isa = PBXFileReference; lastKnownFileType = sourcecode.swift; path = WordPredictionEngine.swift; sourceTree = "<group>"; };
		200000000000000000000023 /* KeyPopupPresenter.swift */ = {isa = PBXFileReference; lastKnownFileType = sourcecode.swift; path = KeyPopupPresenter.swift; sourceTree = "<group>"; };
		200000000000000000000024 /* KeyboardFeedbackManager.swift */ = {isa = PBXFileReference; lastKnownFileType = sourcecode.swift; path = KeyboardFeedbackManager.swift; sourceTree = "<group>"; };
		C20000000000000000000001 /* ThemeAndSettingsTests.swift */ = {isa = PBXFileReference; lastKnownFileType = sourcecode.swift; path = ThemeAndSettingsTests.swift; sourceTree = "<group>"; };
		C20000000000000000000002 /* LayoutEmojiAndDeletionTests.swift */ = {isa = PBXFileReference; lastKnownFileType = sourcecode.swift; path = LayoutEmojiAndDeletionTests.swift; sourceTree = "<group>"; };
		C20000000000000000000003 /* PredictionTests.swift */ = {isa = PBXFileReference; lastKnownFileType = sourcecode.swift; path = PredictionTests.swift; sourceTree = "<group>"; };
		C20000000000000000000008 /* PredictionEndToEndTests.swift */ = {isa = PBXFileReference; lastKnownFileType = sourcecode.swift; path = PredictionEndToEndTests.swift; sourceTree = "<group>"; };
		200000000000000000000025 /* ClipboardHistory.swift */ = {isa = PBXFileReference; lastKnownFileType = sourcecode.swift; path = ClipboardHistory.swift; sourceTree = "<group>"; };
		200000000000000000000026 /* ClipboardKeyboardView.swift */ = {isa = PBXFileReference; lastKnownFileType = sourcecode.swift; path = ClipboardKeyboardView.swift; sourceTree = "<group>"; };
		C20000000000000000000009 /* ClipboardHistoryTests.swift */ = {isa = PBXFileReference; lastKnownFileType = sourcecode.swift; path = ClipboardHistoryTests.swift; sourceTree = "<group>"; };
		200000000000000000000027 /* ClipboardPasteboardSync.swift */ = {isa = PBXFileReference; lastKnownFileType = sourcecode.swift; path = ClipboardPasteboardSync.swift; sourceTree = "<group>"; };
		200000000000000000000028 /* SettingsKeyboardView.swift */ = {isa = PBXFileReference; lastKnownFileType = sourcecode.swift; path = SettingsKeyboardView.swift; sourceTree = "<group>"; };
		C20000000000000000000004 /* KeyboardHeightPolicyTests.swift */ = {isa = PBXFileReference; lastKnownFileType = sourcecode.swift; path = KeyboardHeightPolicyTests.swift; sourceTree = "<group>"; };
		C20000000000000000000005 /* KnKeysTests.xctest */ = {isa = PBXFileReference; explicitFileType = wrapper.cfbundle; includeInIndex = 0; path = KnKeysTests.xctest; sourceTree = BUILT_PRODUCTS_DIR; };
		C20000000000000000000006 /* ResourceAndUISmokeTests.swift */ = {isa = PBXFileReference; lastKnownFileType = sourcecode.swift; path = ResourceAndUISmokeTests.swift; sourceTree = "<group>"; };
/* End PBXFileReference section */

/* Begin PBXFrameworksBuildPhase section */
		500000000000000000000001 /* Frameworks */ = {
			isa = PBXFrameworksBuildPhase;
			buildActionMask = 2147483647;
			files = (
			);
			runOnlyForDeploymentPostprocessing = 0;
		};
		500000000000000000000002 /* Frameworks */ = {
			isa = PBXFrameworksBuildPhase;
			buildActionMask = 2147483647;
			files = (
			);
			runOnlyForDeploymentPostprocessing = 0;
		};
		C50000000000000000000001 /* Frameworks */ = {
			isa = PBXFrameworksBuildPhase;
			buildActionMask = 2147483647;
			files = (
			);
			runOnlyForDeploymentPostprocessing = 0;
		};
/* End PBXFrameworksBuildPhase section */

/* Begin PBXGroup section */
		600000000000000000000001 = {
			isa = PBXGroup;
			children = (
				600000000000000000000002 /* EmojiKeyboard */,
				600000000000000000000003 /* EmojiKeyboardExtension */,
				600000000000000000000005 /* Shared */,
				C60000000000000000000001 /* KnKeysTests */,
				600000000000000000000004 /* Products */,
			);
			sourceTree = "<group>";
		};
		600000000000000000000002 /* EmojiKeyboard */ = {
			isa = PBXGroup;
			children = (
				200000000000000000000001 /* EmojiKeyboardApp.swift */,
				200000000000000000000002 /* ContentView.swift */,
				20000000000000000000001A /* ThemeSettingsView.swift */,
				200000000000000000000009 /* Assets.xcassets */,
				200000000000000000000017 /* EmojiKeyboard.entitlements */,
			);
			path = EmojiKeyboard;
			sourceTree = "<group>";
		};
		600000000000000000000003 /* EmojiKeyboardExtension */ = {
			isa = PBXGroup;
			children = (
				200000000000000000000003 /* KeyboardViewController.swift */,
				200000000000000000000010 /* KeyboardModels.swift */,
				200000000000000000000011 /* KeyboardLayout.swift */,
				200000000000000000000012 /* KeyboardKeyControl.swift */,
				200000000000000000000013 /* QwertyKeyboardView.swift */,
				200000000000000000000014 /* EmojiKeyboardView.swift */,
				200000000000000000000015 /* GestureDeletion.swift */,
				200000000000000000000019 /* ThemeManager.swift */,
				600000000000000000000007 /* PredictionAndFeedback */,
				200000000000000000000004 /* EmojiCatalog.swift */,
				200000000000000000000026 /* ClipboardKeyboardView.swift */,
				200000000000000000000028 /* SettingsKeyboardView.swift */,
				200000000000000000000005 /* EmojiCell.swift */,
				200000000000000000000006 /* Info.plist */,
				200000000000000000000018 /* EmojiKeyboardExtension.entitlements */,
			);
			path = EmojiKeyboardExtension;
			sourceTree = "<group>";
		};
		600000000000000000000007 /* PredictionAndFeedback */ = {
			isa = PBXGroup;
			children = (
				200000000000000000000021 /* WordPredictionModels.swift */,
				200000000000000000000022 /* WordPredictionEngine.swift */,
				20000000000000000000001F /* english_prediction_words.txt */,
				200000000000000000000023 /* KeyPopupPresenter.swift */,
				200000000000000000000024 /* KeyboardFeedbackManager.swift */,
			);
			name = PredictionAndFeedback;
			sourceTree = "<group>";
		};
		600000000000000000000005 /* Shared */ = {
			isa = PBXGroup;
			children = (
				200000000000000000000016 /* KeyboardTheme.swift */,
				200000000000000000000020 /* KeyboardInteractionSettings.swift */,
				200000000000000000000025 /* ClipboardHistory.swift */,
				200000000000000000000027 /* ClipboardPasteboardSync.swift */,
			);
			path = Shared;
			sourceTree = "<group>";
		};
		C60000000000000000000001 /* KnKeysTests */ = {
			isa = PBXGroup;
			children = (
				C20000000000000000000001 /* ThemeAndSettingsTests.swift */,
				C20000000000000000000002 /* LayoutEmojiAndDeletionTests.swift */,
				C20000000000000000000003 /* PredictionTests.swift */,
				C20000000000000000000008 /* PredictionEndToEndTests.swift */,
				C20000000000000000000004 /* KeyboardHeightPolicyTests.swift */,
				C20000000000000000000006 /* ResourceAndUISmokeTests.swift */,
				C20000000000000000000007 /* ThemeEditorAutoSaveTests.swift */,
				C20000000000000000000009 /* ClipboardHistoryTests.swift */,
			);
			path = KnKeysTests;
			sourceTree = "<group>";
		};
		600000000000000000000004 /* Products */ = {
			isa = PBXGroup;
			children = (
				200000000000000000000008 /* KnKeys.app */,
				200000000000000000000007 /* KnKeysKeyboard.appex */,
				C20000000000000000000005 /* KnKeysTests.xctest */,
			);
			name = Products;
			sourceTree = "<group>";
		};
/* End PBXGroup section */

/* Begin PBXNativeTarget section */
		700000000000000000000001 /* EmojiKeyboard */ = {
			isa = PBXNativeTarget;
			buildConfigurationList = A00000000000000000000002 /* Build configuration list for PBXNativeTarget "EmojiKeyboard" */;
			buildPhases = (
				800000000000000000000001 /* Sources */,
				500000000000000000000001 /* Frameworks */,
				800000000000000000000003 /* Resources */,
				400000000000000000000001 /* Embed Foundation Extensions */,
			);
			buildRules = (
			);
			dependencies = (
				300000000000000000000002 /* PBXTargetDependency */,
			);
			name = EmojiKeyboard;
			productName = KnKeys;
			productReference = 200000000000000000000008 /* KnKeys.app */;
			productType = "com.apple.product-type.application";
		};
		700000000000000000000002 /* EmojiKeyboardExtension */ = {
			isa = PBXNativeTarget;
			buildConfigurationList = A00000000000000000000003 /* Build configuration list for PBXNativeTarget "EmojiKeyboardExtension" */;
			buildPhases = (
				800000000000000000000002 /* Sources */,
				500000000000000000000002 /* Frameworks */,
				800000000000000000000004 /* Resources */,
			);
			buildRules = (
			);
			dependencies = (
			);
			name = EmojiKeyboardExtension;
			productName = KnKeysKeyboard;
			productReference = 200000000000000000000007 /* KnKeysKeyboard.appex */;
			productType = "com.apple.product-type.app-extension";
		};
		C70000000000000000000001 /* KnKeysTests */ = {
			isa = PBXNativeTarget;
			buildConfigurationList = CA00000000000000000000001 /* Build configuration list for PBXNativeTarget "KnKeysTests" */;
			buildPhases = (
				C80000000000000000000001 /* Sources */,
				C50000000000000000000001 /* Frameworks */,
				C80000000000000000000002 /* Resources */,
			);
			buildRules = (
			);
			dependencies = (
			);
			name = KnKeysTests;
			productName = KnKeysTests;
			productReference = C20000000000000000000005 /* KnKeysTests.xctest */;
			productType = "com.apple.product-type.bundle.unit-test";
		};
/* End PBXNativeTarget section */

/* Begin PBXProject section */
		900000000000000000000001 /* Project object */ = {
			isa = PBXProject;
			attributes = {
				BuildIndependentTargetsInParallel = 1;
				LastSwiftUpdateCheck = 1600;
				LastUpgradeCheck = 2660;
				TargetAttributes = {
					700000000000000000000001 = {
						CreatedOnToolsVersion = 16.0;
					};
					700000000000000000000002 = {
						CreatedOnToolsVersion = 16.0;
					};
				};
			};
			buildConfigurationList = A00000000000000000000001 /* Build configuration list for PBXProject "EmojiKeyboard" */;
			compatibilityVersion = "Xcode 14.0";
			developmentRegion = en;
			hasScannedForEncodings = 0;
			knownRegions = (
				en,
				Base,
			);
			mainGroup = 600000000000000000000001;
			productRefGroup = 600000000000000000000004 /* Products */;
			projectDirPath = "";
			projectRoot = "";
			targets = (
				700000000000000000000001 /* EmojiKeyboard */,
				700000000000000000000002 /* EmojiKeyboardExtension */,
				C70000000000000000000001 /* KnKeysTests */,
			);
		};
/* End PBXProject section */

/* Begin PBXResourcesBuildPhase section */
		800000000000000000000003 /* Resources */ = {
			isa = PBXResourcesBuildPhase;
			buildActionMask = 2147483647;
			files = (
				100000000000000000000007 /* Assets.xcassets in Resources */,
			);
			runOnlyForDeploymentPostprocessing = 0;
		};
		800000000000000000000004 /* Resources */ = {
			isa = PBXResourcesBuildPhase;
			buildActionMask = 2147483647;
			files = (
				100000000000000000000016 /* english_prediction_words.txt in Resources */,
			);
			runOnlyForDeploymentPostprocessing = 0;
		};
		C80000000000000000000002 /* Resources */ = {
			isa = PBXResourcesBuildPhase;
			buildActionMask = 2147483647;
			files = (
				C10000000000000000000011 /* english_prediction_words.txt in Test Resources */,
			);
			runOnlyForDeploymentPostprocessing = 0;
		};
/* End PBXResourcesBuildPhase section */

/* Begin PBXSourcesBuildPhase section */
		800000000000000000000001 /* Sources */ = {
			isa = PBXSourcesBuildPhase;
			buildActionMask = 2147483647;
			files = (
				100000000000000000000001 /* EmojiKeyboardApp.swift in Sources */,
				100000000000000000000002 /* ContentView.swift in Sources */,
				10000000000000000000000E /* KeyboardTheme.swift in App Sources */,
				100000000000000000000011 /* ThemeSettingsView.swift in Sources */,
				100000000000000000000017 /* KeyboardInteractionSettings.swift in App Sources */,
				10000000000000000000001D /* ClipboardHistory.swift in App Sources */,
				100000000000000000000020 /* ClipboardPasteboardSync.swift in App Sources */,
			);
			runOnlyForDeploymentPostprocessing = 0;
		};
		800000000000000000000002 /* Sources */ = {
			isa = PBXSourcesBuildPhase;
			buildActionMask = 2147483647;
			files = (
				100000000000000000000003 /* KeyboardViewController.swift in Sources */,
				100000000000000000000008 /* KeyboardModels.swift in Sources */,
				100000000000000000000009 /* KeyboardLayout.swift in Sources */,
				10000000000000000000000A /* KeyboardKeyControl.swift in Sources */,
				10000000000000000000000B /* QwertyKeyboardView.swift in Sources */,
				10000000000000000000000C /* EmojiKeyboardView.swift in Sources */,
				10000000000000000000000D /* GestureDeletion.swift in Sources */,
				10000000000000000000000F /* KeyboardTheme.swift in Extension Sources */,
				100000000000000000000010 /* ThemeManager.swift in Sources */,
				100000000000000000000018 /* KeyboardInteractionSettings.swift in Extension Sources */,
				100000000000000000000019 /* WordPredictionModels.swift in Sources */,
				10000000000000000000001A /* WordPredictionEngine.swift in Sources */,
				10000000000000000000001B /* KeyPopupPresenter.swift in Sources */,
				10000000000000000000001C /* KeyboardFeedbackManager.swift in Sources */,
				10000000000000000000001E /* ClipboardHistory.swift in Extension Sources */,
				10000000000000000000001F /* ClipboardKeyboardView.swift in Sources */,
				100000000000000000000021 /* ClipboardPasteboardSync.swift in Extension Sources */,
				100000000000000000000022 /* SettingsKeyboardView.swift in Sources */,
				100000000000000000000004 /* EmojiCatalog.swift in Sources */,
				100000000000000000000005 /* EmojiCell.swift in Sources */,
			);
			runOnlyForDeploymentPostprocessing = 0;
		};
		C80000000000000000000001 /* Sources */ = {
			isa = PBXSourcesBuildPhase;
			buildActionMask = 2147483647;
			files = (
				C10000000000000000000001 /* ThemeAndSettingsTests.swift in Sources */,
				C10000000000000000000002 /* LayoutEmojiAndDeletionTests.swift in Sources */,
				C10000000000000000000003 /* PredictionTests.swift in Sources */,
				C1000000000000000000001A /* PredictionEndToEndTests.swift in Sources */,
				C10000000000000000000004 /* KeyboardHeightPolicyTests.swift in Sources */,
				C10000000000000000000005 /* KeyboardTheme.swift in Test Sources */,
				C10000000000000000000006 /* KeyboardInteractionSettings.swift in Test Sources */,
				C10000000000000000000007 /* ThemeManager.swift in Test Sources */,
				C10000000000000000000008 /* KeyboardModels.swift in Test Sources */,
				C10000000000000000000009 /* KeyboardLayout.swift in Test Sources */,
				C1000000000000000000000A /* EmojiCatalog.swift in Test Sources */,
				C1000000000000000000000B /* GestureDeletion.swift in Test Sources */,
				C1000000000000000000000F /* WordPredictionModels.swift in Test Sources */,
						C10000000000000000000010 /* WordPredictionEngine.swift in Test Sources */,
				C10000000000000000000012 /* ResourceAndUISmokeTests.swift in Sources */,
				C10000000000000000000013 /* KeyboardKeyControl.swift in Test Sources */,
				C10000000000000000000014 /* KeyPopupPresenter.swift in Test Sources */,
				C10000000000000000000015 /* QwertyKeyboardView.swift in Test Sources */,
				C10000000000000000000016 /* EmojiCell.swift in Test Sources */,
				C10000000000000000000017 /* EmojiKeyboardView.swift in Test Sources */,
				C10000000000000000000018 /* ThemeEditorAutoSaveTests.swift in Sources */,
				C10000000000000000000019 /* ThemeSettingsView.swift in Test Sources */,
				C1000000000000000000001B /* ClipboardHistory.swift in Test Sources */,
				C1000000000000000000001C /* ClipboardKeyboardView.swift in Test Sources */,
				C1000000000000000000001D /* ClipboardHistoryTests.swift in Sources */,
				C1000000000000000000001E /* ClipboardPasteboardSync.swift in Test Sources */,
				C1000000000000000000001F /* SettingsKeyboardView.swift in Test Sources */,
			);
			runOnlyForDeploymentPostprocessing = 0;
		};
/* End PBXSourcesBuildPhase section */

/* Begin PBXTargetDependency section */
		300000000000000000000002 /* PBXTargetDependency */ = {
			isa = PBXTargetDependency;
			target = 700000000000000000000002 /* EmojiKeyboardExtension */;
			targetProxy = 300000000000000000000001 /* PBXContainerItemProxy */;
		};
/* End PBXTargetDependency section */

/* Begin XCBuildConfiguration section */
		B00000000000000000000001 /* Debug */ = {
			isa = XCBuildConfiguration;
			buildSettings = {
				CLANG_ENABLE_MODULES = YES;
				CLANG_WARN_BLOCK_CAPTURE_AUTORELEASING = YES;
				CLANG_WARN_BOOL_CONVERSION = YES;
				CLANG_WARN_COMMA = YES;
				CLANG_WARN_CONSTANT_CONVERSION = YES;
				CLANG_WARN_DEPRECATED_OBJC_IMPLEMENTATIONS = YES;
				CLANG_WARN_EMPTY_BODY = YES;
				CLANG_WARN_ENUM_CONVERSION = YES;
				CLANG_WARN_INFINITE_RECURSION = YES;
				CLANG_WARN_INT_CONVERSION = YES;
				CLANG_WARN_NON_LITERAL_NULL_CONVERSION = YES;
				CLANG_WARN_OBJC_IMPLICIT_RETAIN_SELF = YES;
				CLANG_WARN_OBJC_LITERAL_CONVERSION = YES;
				CLANG_WARN_QUOTED_INCLUDE_IN_FRAMEWORK_HEADER = YES;
				CLANG_WARN_RANGE_LOOP_ANALYSIS = YES;
				CLANG_WARN_STRICT_PROTOTYPES = YES;
				CLANG_WARN_SUSPICIOUS_MOVE = YES;
				CLANG_WARN_UNREACHABLE_CODE = YES;
				CLANG_WARN__DUPLICATE_METHOD_MATCH = YES;
				ENABLE_STRICT_OBJC_MSGSEND = YES;
				ENABLE_TESTABILITY = YES;
				ENABLE_USER_SCRIPT_SANDBOXING = YES;
				GCC_NO_COMMON_BLOCKS = YES;
				GCC_WARN_64_TO_32_BIT_CONVERSION = YES;
				GCC_WARN_ABOUT_RETURN_TYPE = YES;
				GCC_WARN_UNDECLARED_SELECTOR = YES;
				GCC_WARN_UNINITIALIZED_AUTOS = YES;
				GCC_WARN_UNUSED_FUNCTION = YES;
				GCC_WARN_UNUSED_VARIABLE = YES;
				IPHONEOS_DEPLOYMENT_TARGET = 16.0;
				ONLY_ACTIVE_ARCH = YES;
				SDKROOT = iphoneos;
				STRING_CATALOG_GENERATE_SYMBOLS = YES;
				SWIFT_VERSION = 5.0;
			};
			name = Debug;
		};
		B00000000000000000000002 /* Release */ = {
			isa = XCBuildConfiguration;
			buildSettings = {
				CLANG_ENABLE_MODULES = YES;
				CLANG_WARN_BLOCK_CAPTURE_AUTORELEASING = YES;
				CLANG_WARN_BOOL_CONVERSION = YES;
				CLANG_WARN_COMMA = YES;
				CLANG_WARN_CONSTANT_CONVERSION = YES;
				CLANG_WARN_DEPRECATED_OBJC_IMPLEMENTATIONS = YES;
				CLANG_WARN_EMPTY_BODY = YES;
				CLANG_WARN_ENUM_CONVERSION = YES;
				CLANG_WARN_INFINITE_RECURSION = YES;
				CLANG_WARN_INT_CONVERSION = YES;
				CLANG_WARN_NON_LITERAL_NULL_CONVERSION = YES;
				CLANG_WARN_OBJC_IMPLICIT_RETAIN_SELF = YES;
				CLANG_WARN_OBJC_LITERAL_CONVERSION = YES;
				CLANG_WARN_QUOTED_INCLUDE_IN_FRAMEWORK_HEADER = YES;
				CLANG_WARN_RANGE_LOOP_ANALYSIS = YES;
				CLANG_WARN_STRICT_PROTOTYPES = YES;
				CLANG_WARN_SUSPICIOUS_MOVE = YES;
				CLANG_WARN_UNREACHABLE_CODE = YES;
				CLANG_WARN__DUPLICATE_METHOD_MATCH = YES;
				ENABLE_STRICT_OBJC_MSGSEND = YES;
				ENABLE_USER_SCRIPT_SANDBOXING = YES;
				GCC_NO_COMMON_BLOCKS = YES;
				GCC_WARN_64_TO_32_BIT_CONVERSION = YES;
				GCC_WARN_ABOUT_RETURN_TYPE = YES;
				GCC_WARN_UNDECLARED_SELECTOR = YES;
				GCC_WARN_UNINITIALIZED_AUTOS = YES;
				GCC_WARN_UNUSED_FUNCTION = YES;
				GCC_WARN_UNUSED_VARIABLE = YES;
				IPHONEOS_DEPLOYMENT_TARGET = 16.0;
				SDKROOT = iphoneos;
				STRING_CATALOG_GENERATE_SYMBOLS = YES;
				SWIFT_COMPILATION_MODE = wholemodule;
				SWIFT_VERSION = 5.0;
				VALIDATE_PRODUCT = YES;
			};
			name = Release;
		};
		B00000000000000000000003 /* Debug */ = {
			isa = XCBuildConfiguration;
			buildSettings = {
				ASSETCATALOG_COMPILER_APPICON_NAME = AppIcon;
				CODE_SIGN_ENTITLEMENTS = EmojiKeyboard/EmojiKeyboard.entitlements;
				CLANG_ENABLE_OBJC_WEAK = YES;
				CODE_SIGN_STYLE = Automatic;
				CURRENT_PROJECT_VERSION = 16;
				DEVELOPMENT_TEAM = AH34H7VVG5;
				GENERATE_INFOPLIST_FILE = YES;
				INFOPLIST_KEY_CFBundleDisplayName = KnKeys;
				INFOPLIST_KEY_CFBundleName = KnKeys;
				INFOPLIST_KEY_UIApplicationSceneManifest_Generation = YES;
				INFOPLIST_KEY_UILaunchScreen_Generation = YES;
				IPHONEOS_DEPLOYMENT_TARGET = 16.0;
				MARKETING_VERSION = 2.0;
				PRODUCT_BUNDLE_IDENTIFIER = com.rafiqkn.KnKeys;
				PRODUCT_NAME = KnKeys;
				SWIFT_EMIT_LOC_STRINGS = YES;
				SWIFT_VERSION = 5.0;
				TARGETED_DEVICE_FAMILY = "1,2";
			};
			name = Debug;
		};
		B00000000000000000000004 /* Release */ = {
			isa = XCBuildConfiguration;
			buildSettings = {
				ASSETCATALOG_COMPILER_APPICON_NAME = AppIcon;
				CODE_SIGN_ENTITLEMENTS = EmojiKeyboard/EmojiKeyboard.entitlements;
				CLANG_ENABLE_OBJC_WEAK = YES;
				CODE_SIGN_STYLE = Automatic;
				CURRENT_PROJECT_VERSION = 16;
				DEVELOPMENT_TEAM = AH34H7VVG5;
				GENERATE_INFOPLIST_FILE = YES;
				INFOPLIST_KEY_CFBundleDisplayName = KnKeys;
				INFOPLIST_KEY_CFBundleName = KnKeys;
				INFOPLIST_KEY_UIApplicationSceneManifest_Generation = YES;
				INFOPLIST_KEY_UILaunchScreen_Generation = YES;
				IPHONEOS_DEPLOYMENT_TARGET = 16.0;
				MARKETING_VERSION = 2.0;
				PRODUCT_BUNDLE_IDENTIFIER = com.rafiqkn.KnKeys;
				PRODUCT_NAME = KnKeys;
				SWIFT_EMIT_LOC_STRINGS = YES;
				SWIFT_VERSION = 5.0;
				TARGETED_DEVICE_FAMILY = "1,2";
			};
			name = Release;
		};
		B00000000000000000000005 /* Debug */ = {
			isa = XCBuildConfiguration;
			buildSettings = {
				CLANG_ENABLE_OBJC_WEAK = YES;
				CODE_SIGN_ENTITLEMENTS = EmojiKeyboardExtension/EmojiKeyboardExtension.entitlements;
				CODE_SIGN_STYLE = Automatic;
				CURRENT_PROJECT_VERSION = 16;
				DEVELOPMENT_TEAM = AH34H7VVG5;
				GENERATE_INFOPLIST_FILE = YES;
				INFOPLIST_FILE = EmojiKeyboardExtension/Info.plist;
				IPHONEOS_DEPLOYMENT_TARGET = 16.0;
				MARKETING_VERSION = 2.0;
				PRODUCT_BUNDLE_IDENTIFIER = com.rafiqkn.KnKeys.KeyboardExtension;
				PRODUCT_NAME = KnKeysKeyboard;
				SKIP_INSTALL = YES;
				SWIFT_EMIT_LOC_STRINGS = YES;
				SWIFT_VERSION = 5.0;
				TARGETED_DEVICE_FAMILY = "1,2";
			};
			name = Debug;
		};
		B00000000000000000000006 /* Release */ = {
			isa = XCBuildConfiguration;
			buildSettings = {
				CLANG_ENABLE_OBJC_WEAK = YES;
				CODE_SIGN_ENTITLEMENTS = EmojiKeyboardExtension/EmojiKeyboardExtension.entitlements;
				CODE_SIGN_STYLE = Automatic;
				CURRENT_PROJECT_VERSION = 16;
				DEVELOPMENT_TEAM = AH34H7VVG5;
				GENERATE_INFOPLIST_FILE = YES;
				INFOPLIST_FILE = EmojiKeyboardExtension/Info.plist;
				IPHONEOS_DEPLOYMENT_TARGET = 16.0;
				MARKETING_VERSION = 2.0;
				PRODUCT_BUNDLE_IDENTIFIER = com.rafiqkn.KnKeys.KeyboardExtension;
				PRODUCT_NAME = KnKeysKeyboard;
				SKIP_INSTALL = YES;
				SWIFT_EMIT_LOC_STRINGS = YES;
				SWIFT_VERSION = 5.0;
				TARGETED_DEVICE_FAMILY = "1,2";
			};
			name = Release;
		};
		CB0000000000000000000001 /* Debug */ = {
			isa = XCBuildConfiguration;
			buildSettings = {
				BUNDLE_LOADER = "";
				CODE_SIGNING_ALLOWED = NO;
				GENERATE_INFOPLIST_FILE = YES;
				IPHONEOS_DEPLOYMENT_TARGET = 16.0;
				PRODUCT_BUNDLE_IDENTIFIER = com.rafiqkn.KnKeysTests;
				PRODUCT_NAME = "$(TARGET_NAME)";
				SDKROOT = iphoneos;
				SWIFT_VERSION = 5.0;
				TARGETED_DEVICE_FAMILY = "1,2";
				TEST_HOST = "";
			};
			name = Debug;
		};
		CB0000000000000000000002 /* Release */ = {
			isa = XCBuildConfiguration;
			buildSettings = {
				BUNDLE_LOADER = "";
				CODE_SIGNING_ALLOWED = NO;
				GENERATE_INFOPLIST_FILE = YES;
				IPHONEOS_DEPLOYMENT_TARGET = 16.0;
				PRODUCT_BUNDLE_IDENTIFIER = com.rafiqkn.KnKeysTests;
				PRODUCT_NAME = "$(TARGET_NAME)";
				SDKROOT = iphoneos;
				SWIFT_VERSION = 5.0;
				TARGETED_DEVICE_FAMILY = "1,2";
				TEST_HOST = "";
			};
			name = Release;
		};
/* End XCBuildConfiguration section */

/* Begin XCConfigurationList section */
		A00000000000000000000001 /* Build configuration list for PBXProject "EmojiKeyboard" */ = {
			isa = XCConfigurationList;
			buildConfigurations = (
				B00000000000000000000001 /* Debug */,
				B00000000000000000000002 /* Release */,
			);
			defaultConfigurationIsVisible = 0;
			defaultConfigurationName = Release;
		};
		A00000000000000000000002 /* Build configuration list for PBXNativeTarget "EmojiKeyboard" */ = {
			isa = XCConfigurationList;
			buildConfigurations = (
				B00000000000000000000003 /* Debug */,
				B00000000000000000000004 /* Release */,
			);
			defaultConfigurationIsVisible = 0;
			defaultConfigurationName = Release;
		};
		A00000000000000000000003 /* Build configuration list for PBXNativeTarget "EmojiKeyboardExtension" */ = {
			isa = XCConfigurationList;
			buildConfigurations = (
				B00000000000000000000005 /* Debug */,
				B00000000000000000000006 /* Release */,
			);
			defaultConfigurationIsVisible = 0;
			defaultConfigurationName = Release;
		};
		CA00000000000000000000001 /* Build configuration list for PBXNativeTarget "KnKeysTests" */ = {
			isa = XCConfigurationList;
			buildConfigurations = (
				CB0000000000000000000001 /* Debug */,
				CB0000000000000000000002 /* Release */,
			);
			defaultConfigurationIsVisible = 0;
			defaultConfigurationName = Debug;
		};
/* End XCConfigurationList section */
	};
	rootObject = 900000000000000000000001 /* Project object */;
}
